PODS:
  - FlexDataSource (0.1.1)
  - fuikit (0.1.0)
  - FunNet/Combine (0.0.1):
    - FunNet/Core
    - LithoOperators
  - FunNet/Core (0.0.1):
    - LithoOperators
  - LithoOperators (0.0.11):
    - Prelude
  - LUX (0.1.2):
    - LUX/AppOpenFlow (= 0.1.2)
    - LUX/Auth (= 0.1.2)
    - LUX/Base (= 0.1.2)
    - LUX/BaseAppOpenFlow (= 0.1.2)
    - LUX/BaseFunctional (= 0.1.2)
    - LUX/BaseNetworking (= 0.1.2)
    - LUX/BaseTableViews (= 0.1.2)
    - LUX/Networking (= 0.1.2)
    - LUX/Search (= 0.1.2)
    - LUX/TableViews (= 0.1.2)
    - LUX/Utilities (= 0.1.2)
  - LUX/AppOpenFlow (0.1.2):
    - LUX/Auth
    - LUX/Networking
  - LUX/Auth (0.1.2)
  - LUX/Base (0.1.2):
    - FlexDataSource
    - fuikit
    - FunNet/Core
    - LithoOperators
    - Prelude (~> 3.0)
  - LUX/BaseAppOpenFlow (0.1.2):
    - LUX/BaseFunctional
  - LUX/BaseFunctional (0.1.2)
  - LUX/BaseNetworking (0.1.2):
    - FunNet/Core
    - LUX/Auth
  - LUX/BaseTableViews (0.1.2):
    - FlexDataSource
    - LUX/BaseFunctional
  - LUX/Networking (0.1.2):
    - FunNet/Combine
    - LUX/BaseNetworking
  - LUX/Search (0.1.2):
    - LUX/TableViews
  - LUX/TableViews (0.1.2):
    - LUX/BaseTableViews
  - LUX/Utilities (0.1.2):
    - Prelude (~> 3.0)
  - PlaygroundVCHelpers (0.0.2)
  - Prelude (3.0.0)

DEPENDENCIES:
  - FlexDataSource (from `https://github.com/ThryvInc/flex-data-source`)
  - fuikit (from `https://github.com/ThryvInc/fuikit`)
  - FunNet/Combine (from `https://github.com/schrockblock/funnet`)
  - LithoOperators (from `https://github.com/ThryvInc/LithoOperators`)
  - LUX (from `../`)
  - PlaygroundVCHelpers (from `https://github.com/ThryvInc/playground-vc-helpers`)

SPEC REPOS:
  trunk:
    - Prelude

EXTERNAL SOURCES:
  FlexDataSource:
    :git: https://github.com/ThryvInc/flex-data-source
  fuikit:
    :git: https://github.com/ThryvInc/fuikit
  FunNet:
    :git: https://github.com/schrockblock/funnet
  LithoOperators:
    :git: https://github.com/ThryvInc/LithoOperators
  LUX:
    :path: "../"
  PlaygroundVCHelpers:
    :git: https://github.com/ThryvInc/playground-vc-helpers

CHECKOUT OPTIONS:
  FlexDataSource:
    :commit: c6c4b89cbf91a395d517e891aae67a32170aab8e
    :git: https://github.com/ThryvInc/flex-data-source
  fuikit:
    :commit: 9091e3918432d48d986ee7e266df543794faf2dd
    :git: https://github.com/ThryvInc/fuikit
  FunNet:
    :commit: e56bc9bdb94db1df53f6a84c4041b2dc72bbd6cb
    :git: https://github.com/schrockblock/funnet
  LithoOperators:
    :commit: 02373c43292c098a6d57bbaf47260a2a6ae2649f
    :git: https://github.com/ThryvInc/LithoOperators
  PlaygroundVCHelpers:
    :commit: 1b1f5ed572a1965e1d52bbc1b21f3796a6f144e2
    :git: https://github.com/ThryvInc/playground-vc-helpers

SPEC CHECKSUMS:
  FlexDataSource: 03e287688dcd2a8cd2b51c73dcebdb4e8a2cdb64
  fuikit: d63a03b02599720f690f3a7cc063289d5656a59b
  FunNet: d3a58cf3092d9ec4c9ca9338c4f20fcc7e0eebad
  LithoOperators: 32d71d8b556291ee1e6abe7dd44a4f1a4c3653c4
  LUX: 66fa2a63651a00f60bdc12b77209a667acd66bea
  PlaygroundVCHelpers: c7cc8994d2851ebd1590217101b4c6888d1c9cc8
  Prelude: fe4cc0fd961d34edf48fe6b04d05c863449efb0a

PODFILE CHECKSUM: a6868316a6bc5ac816e4061ce1b4e7157d804f61

COCOAPODS: 1.8.4
